
Microsoft Visual Studio Solution File, Format Version 12.00
# Visual Studio Version 17
VisualStudioVersion = 17.11.35312.102
MinimumVisualStudioVersion = 10.0.40219.1
Project("{FAE04EC0-301F-11D3-BF4B-00C04F79EFBC}") = "lesson_4", "lesson_4.csproj", "{FF40C70C-6E33-4259-A6FE-DB3AFEB845FB}"
EndProject
Global
	GlobalSection(SolutionConfigurationPlatforms) = preSolution
		Debug|Any CPU = Debug|Any CPU
		Release|Any CPU = Release|Any CPU
	EndGlobalSection
	GlobalSection(ProjectConfigurationPlatforms) = postSolution
		{FF40C70C-6E33-4259-A6FE-DB3AFEB845FB}.Debug|Any CPU.ActiveCfg = Debug|Any CPU
		{FF40C70C-6E33-4259-A6FE-DB3AFEB845FB}.Debug|Any CPU.Build.0 = Debug|Any CPU
		{FF40C70C-6E33-4259-A6FE-DB3AFEB845FB}.Release|Any CPU.ActiveCfg = Release|Any CPU
		{FF40C70C-6E33-4259-A6FE-DB3AFEB845FB}.Release|Any CPU.Build.0 = Release|Any CPU
	EndGlobalSection
	GlobalSection(SolutionProperties) = preSolution
		HideSolutionNode = FALSE
	EndGlobalSection
	GlobalSection(ExtensibilityGlobals) = postSolution
		SolutionGuid = {A53D88CE-816B-4E11-A5AF-2C0113D7EA1A}
	EndGlobalSection
EndGlobal
