
Microsoft Visual Studio Solution File, Format Version 12.00
# Visual Studio Version 17
VisualStudioVersion = 17.11.35312.102
MinimumVisualStudioVersion = 10.0.40219.1
Project("{FAE04EC0-301F-11D3-BF4B-00C04F79EFBC}") = "lesson_6", "lesson_6.csproj", "{B13AC230-A120-41E4-B91B-7B1BF27F10CB}"
EndProject
Global
	GlobalSection(SolutionConfigurationPlatforms) = preSolution
		Debug|Any CPU = Debug|Any CPU
		Release|Any CPU = Release|Any CPU
	EndGlobalSection
	GlobalSection(ProjectConfigurationPlatforms) = postSolution
		{B13AC230-A120-41E4-B91B-7B1BF27F10CB}.Debug|Any CPU.ActiveCfg = Debug|Any CPU
		{B13AC230-A120-41E4-B91B-7B1BF27F10CB}.Debug|Any CPU.Build.0 = Debug|Any CPU
		{B13AC230-A120-41E4-B91B-7B1BF27F10CB}.Release|Any CPU.ActiveCfg = Release|Any CPU
		{B13AC230-A120-41E4-B91B-7B1BF27F10CB}.Release|Any CPU.Build.0 = Release|Any CPU
	EndGlobalSection
	GlobalSection(SolutionProperties) = preSolution
		HideSolutionNode = FALSE
	EndGlobalSection
	GlobalSection(ExtensibilityGlobals) = postSolution
		SolutionGuid = {D4779F26-E920-4EFB-A6DE-CB258D40493C}
	EndGlobalSection
EndGlobal
