
Microsoft Visual Studio Solution File, Format Version 12.00
# Visual Studio Version 17
VisualStudioVersion = 17.11.35312.102
MinimumVisualStudioVersion = 10.0.40219.1
Project("{FAE04EC0-301F-11D3-BF4B-00C04F79EFBC}") = "lesson_16", "lesson_16.csproj", "{3870ED27-9020-44B3-8B4F-705E0E8A6252}"
EndProject
Global
	GlobalSection(SolutionConfigurationPlatforms) = preSolution
		Debug|Any CPU = Debug|Any CPU
		Release|Any CPU = Release|Any CPU
	EndGlobalSection
	GlobalSection(ProjectConfigurationPlatforms) = postSolution
		{3870ED27-9020-44B3-8B4F-705E0E8A6252}.Debug|Any CPU.ActiveCfg = Debug|Any CPU
		{3870ED27-9020-44B3-8B4F-705E0E8A6252}.Debug|Any CPU.Build.0 = Debug|Any CPU
		{3870ED27-9020-44B3-8B4F-705E0E8A6252}.Release|Any CPU.ActiveCfg = Release|Any CPU
		{3870ED27-9020-44B3-8B4F-705E0E8A6252}.Release|Any CPU.Build.0 = Release|Any CPU
	EndGlobalSection
	GlobalSection(SolutionProperties) = preSolution
		HideSolutionNode = FALSE
	EndGlobalSection
	GlobalSection(ExtensibilityGlobals) = postSolution
		SolutionGuid = {EB3E80B7-438E-4947-BC82-A378F829D9BC}
	EndGlobalSection
EndGlobal
